
Microsoft Visual Studio Solution File, Format Version 12.00
# Visual Studio Version 17
VisualStudioVersion = 17.4.33205.214
MinimumVisualStudioVersion = 10.0.40219.1
Project("{9A19103F-16F7-4668-BE54-9A1E7A4F7556}") = "Mono.API", "source\Mono.API\Mono.API.csproj", "{FB29D322-B934-4D7F-B228-CBD3C37BD004}"
EndProject
Project("{FAE04EC0-301F-11D3-BF4B-00C04F79EFBC}") = "Mono.Application", "source\Mono.Application\Mono.Application.csproj", "{C8D26F31-96B2-448D-8B56-65DC14DB8BF6}"
EndProject
Project("{FAE04EC0-301F-11D3-BF4B-00C04F79EFBC}") = "Mono.Infrastructure", "source\Mono.Infrastructure\Mono.Infrastructure.csproj", "{52EF54D0-632E-46D5-AD9A-ACB6B89C007F}"
EndProject
Project("{2150E333-8FDC-42A3-9474-1A3956D46DE8}") = "Solution Items", "Solution Items", "{80BF5EBD-BB2D-4548-9334-58986CECCE88}"
	ProjectSection(SolutionItems) = preProject
		.editorconfig = .editorconfig
	EndProjectSection
EndProject
Global
	GlobalSection(SolutionConfigurationPlatforms) = preSolution
		Debug|Any CPU = Debug|Any CPU
		Release|Any CPU = Release|Any CPU
	EndGlobalSection
	GlobalSection(ProjectConfigurationPlatforms) = postSolution
		{FB29D322-B934-4D7F-B228-CBD3C37BD004}.Debug|Any CPU.ActiveCfg = Debug|Any CPU
		{FB29D322-B934-4D7F-B228-CBD3C37BD004}.Debug|Any CPU.Build.0 = Debug|Any CPU
		{FB29D322-B934-4D7F-B228-CBD3C37BD004}.Release|Any CPU.ActiveCfg = Release|Any CPU
		{FB29D322-B934-4D7F-B228-CBD3C37BD004}.Release|Any CPU.Build.0 = Release|Any CPU
		{C8D26F31-96B2-448D-8B56-65DC14DB8BF6}.Debug|Any CPU.ActiveCfg = Debug|Any CPU
		{C8D26F31-96B2-448D-8B56-65DC14DB8BF6}.Debug|Any CPU.Build.0 = Debug|Any CPU
		{C8D26F31-96B2-448D-8B56-65DC14DB8BF6}.Release|Any CPU.ActiveCfg = Release|Any CPU
		{C8D26F31-96B2-448D-8B56-65DC14DB8BF6}.Release|Any CPU.Build.0 = Release|Any CPU
		{52EF54D0-632E-46D5-AD9A-ACB6B89C007F}.Debug|Any CPU.ActiveCfg = Debug|Any CPU
		{52EF54D0-632E-46D5-AD9A-ACB6B89C007F}.Debug|Any CPU.Build.0 = Debug|Any CPU
		{52EF54D0-632E-46D5-AD9A-ACB6B89C007F}.Release|Any CPU.ActiveCfg = Release|Any CPU
		{52EF54D0-632E-46D5-AD9A-ACB6B89C007F}.Release|Any CPU.Build.0 = Release|Any CPU
	EndGlobalSection
	GlobalSection(SolutionProperties) = preSolution
		HideSolutionNode = FALSE
	EndGlobalSection
	GlobalSection(ExtensibilityGlobals) = postSolution
		SolutionGuid = {C4D838C9-060A-4F2D-B4EB-0A951590590A}
	EndGlobalSection
EndGlobal
